{
    "_meta": {
        "hash": {
            "sha256": "0350b2d3dd5c14854a848f6456f7d0a4f0079a4b2a6a3b79bf68366faa70c6eb"
        },
        "pipfile-spec": 6,
        "requires": {
            "python_version": "3.7"
        },
        "sources": [
            {
                "name": "pypi",
                "url": "https://pypi.org/simple",
                "verify_ssl": true
            }
        ]
    },
    "default": {
        "django": {
            "hashes": [
                "sha256:7c3543e4fb070d14e10926189a7fcf42ba919263b7473dceaefce34d54e8a119",
                "sha256:a2814bffd1f007805b19194eb0b9a331933b82bd5da1c3ba3d7b7ba16e06dc4b"
            ],
            "index": "pypi",
            "version": "==2.2"
        },
        "psycopg2": {
            "hashes": [
                "sha256:3648afc2b4828a6e00d516d2d09a260edd2c1e3de1e0d41d99c5ab004a73d180",
                "sha256:5329b4530e31f58e0eafc55e26bbef684509bcc3be41604e45c0b98c297dc722",
                "sha256:7c1ae1669d11105a002f804bebd7432f8dc7473459aa405164c6b44a922decd5",
                "sha256:8af13498e32a00d0a66e43b7491c15231b27ab964ee4d2277a4a2dbadfb2c482",
                "sha256:9d5489867bd5f6d6c6191a4debd8de9a5c03a9608cce3f4d7133e29e6bd4ec27",
                "sha256:a17bfc9faffcca0ad9360c1ad97ab61ede583aa954715e8e436ffd80046661ff",
                "sha256:b4a475ce87eabc0607e068a3c704d0aa0820237ed78d493b8e2d880eb73cd7fe",
                "sha256:c49d66e97affdc80d084b3b363f09f17db621418f0b8e0524b06c54959e2094d",
                "sha256:d13fbc3d533656cfdf094e13c1b0f40917b72813755ba780971ba0ce04280ac4",
                "sha256:e1e4fe6e8ab9f9c7d28514d007f623999d2dd6b5b81069dd4f9d30dbdd6f7069",
                "sha256:e67d60cb1a32f5fd8fcea935cf9efb1d1c26f96203b0ca2ae98c4c40ef8d8eac"
            ],
            "index": "pypi",
            "version": "==2.8.1"
        },
        "pytz": {
            "hashes": [
                "sha256:303879e36b721603cc54604edcac9d20401bdbe31e1e4fdee5b9f98d5d31dfda",
                "sha256:d747dd3d23d77ef44c6a3526e274af6efeb0a6f1afd5a69ba4d5be4098c8e141"
            ],
            "version": "==2019.1"
        },
        "sqlparse": {
            "hashes": [
                "sha256:40afe6b8d4b1117e7dff5504d7a8ce07d9a1b15aeeade8a2d10f130a834f8177",
                "sha256:7c3dca29c022744e95b547e867cee89f4fce4373f3549ccd8797d8eb52cdb873"
            ],
            "version": "==0.3.0"
        }
    },
    "develop": {}
}
